// !$*UTF8*$!
{
	archiveVersion = 1;
	classes = {
	};
	objectVersion = 48;
	objects = {

/* Begin PBXBuildFile section */
		787140B11F294ED1009A3C2F /* AppDelegate.swift in Sources */ = {isa = PBXBuildFile; fileRef = 787140B01F294ED1009A3C2F /* AppDelegate.swift */; };
		787140B31F294ED1009A3C2F /* ViewController.swift in Sources */ = {isa = PBXBuildFile; fileRef = 787140B21F294ED1009A3C2F /* ViewController.swift */; };
		787140B61F294ED1009A3C2F /* Main.storyboard in Resources */ = {isa = PBXBuildFile; fileRef = 787140B41F294ED1009A3C2F /* Main.storyboard */; };
		787140B91F294ED1009A3C2F /* DreamMachine.xcdatamodeld in Sources */ = {isa = PBXBuildFile; fileRef = 787140B71F294ED1009A3C2F /* DreamMachine.xcdatamodeld */; };
		787140BB1F294ED1009A3C2F /* Assets.xcassets in Resources */ = {isa = PBXBuildFile; fileRef = 787140BA1F294ED1009A3C2F /* Assets.xcassets */; };
		787140BE1F294ED1009A3C2F /* LaunchScreen.storyboard in Resources */ = {isa = PBXBuildFile; fileRef = 787140BC1F294ED1009A3C2F /* LaunchScreen.storyboard */; };
/* End PBXBuildFile section */

/* Begin PBXFileReference section */
		787140AD1F294ED0009A3C2F /* DreamMachine.app */ = {isa = PBXFileReference; explicitFileType = wrapper.application; includeInIndex = 0; path = DreamMachine.app; sourceTree = BUILT_PRODUCTS_DIR; };
		787140B01F294ED1009A3C2F /* AppDelegate.swift */ = {isa = PBXFileReference; lastKnownFileType = sourcecode.swift; path = AppDelegate.swift; sourceTree = "<group>"; };
		787140B21F294ED1009A3C2F /* ViewController.swift */ = {isa = PBXFileReference; lastKnownFileType = sourcecode.swift; path = ViewController.swift; sourceTree = "<group>"; };
		787140B51F294ED1009A3C2F /* Base */ = {isa = PBXFileReference; lastKnownFileType = file.storyboard; name = Base; path = Base.lproj/Main.storyboard; sourceTree = "<group>"; };
		787140B81F294ED1009A3C2F /* DreamMachine.xcdatamodel */ = {isa = PBXFileReference; lastKnownFileType = wrapper.xcdatamodel; path = DreamMachine.xcdatamodel; sourceTree = "<group>"; };
		787140BA1F294ED1009A3C2F /* Assets.xcassets */ = {isa = PBXFileReference; lastKnownFileType = folder.assetcatalog; path = Assets.xcassets; sourceTree = "<group>"; };
		787140BD1F294ED1009A3C2F /* Base */ = {isa = PBXFileReference; lastKnownFileType = file.storyboard; name = Base; path = Base.lproj/LaunchScreen.storyboard; sourceTree = "<group>"; };
		787140BF1F294ED1009A3C2F /* Info.plist */ = {isa = PBXFileReference; lastKnownFileType = text.plist.xml; path = Info.plist; sourceTree = "<group>"; };
/* End PBXFileReference section */

/* Begin PBXFrameworksBuildPhase section */
		787140AA1F294ED0009A3C2F /* Frameworks */ = {
			isa = PBXFrameworksBuildPhase;
			buildActionMask = 2147483647;
			files = (
			);
			runOnlyForDeploymentPostprocessing = 0;
		};
/* End PBXFrameworksBuildPhase section */

/* Begin PBXGroup section */
		787140A41F294ED0009A3C2F = {
			isa = PBXGroup;
			children = (
				787140AF1F294ED0009A3C2F /* DreamMachine */,
				787140AE1F294ED0009A3C2F /* Products */,
			);
			sourceTree = "<group>";
		};
		787140AE1F294ED0009A3C2F /* Products */ = {
			isa = PBXGroup;
			children = (
				787140AD1F294ED0009A3C2F /* DreamMachine.app */,
			);
			name = Products;
			sourceTree = "<group>";
		};
		787140AF1F294ED0009A3C2F /* DreamMachine */ = {
			isa = PBXGroup;
			children = (
				787140B01F294ED1009A3C2F /* AppDelegate.swift */,
				787140B21F294ED1009A3C2F /* ViewController.swift */,
				787140B41F294ED1009A3C2F /* Main.storyboard */,
				787140BA1F294ED1009A3C2F /* Assets.xcassets */,
				787140BC1F294ED1009A3C2F /* LaunchScreen.storyboard */,
				787140BF1F294ED1009A3C2F /* Info.plist */,
				787140B71F294ED1009A3C2F /* DreamMachine.xcdatamodeld */,
			);
			path = DreamMachine;
			sourceTree = "<group>";
		};
/* End PBXGroup section */

/* Begin PBXNativeTarget section */
		787140AC1F294ED0009A3C2F /* DreamMachine */ = {
			isa = PBXNativeTarget;
			buildConfigurationList = 787140C21F294ED1009A3C2F /* Build configuration list for PBXNativeTarget "DreamMachine" */;
			buildPhases = (
				787140A91F294ED0009A3C2F /* Sources */,
				787140AA1F294ED0009A3C2F /* Frameworks */,
				787140AB1F294ED0009A3C2F /* Resources */,
			);
			buildRules = (
			);
			dependencies = (
			);
			name = DreamMachine;
			productName = DreamMachine;
			productReference = 787140AD1F294ED0009A3C2F /* DreamMachine.app */;
			productType = "com.apple.product-type.application";
		};
/* End PBXNativeTarget section */

/* Begin PBXProject section */
		787140A51F294ED0009A3C2F /* Project object */ = {
			isa = PBXProject;
			attributes = {
				LastSwiftUpdateCheck = 0900;
				LastUpgradeCheck = 0900;
				ORGANIZATIONNAME = "Aleksandr Shenshin";
				TargetAttributes = {
					787140AC1F294ED0009A3C2F = {
						CreatedOnToolsVersion = 9.0;
					};
				};
			};
			buildConfigurationList = 787140A81F294ED0009A3C2F /* Build configuration list for PBXProject "DreamMachine" */;
			compatibilityVersion = "Xcode 8.0";
			developmentRegion = en;
			hasScannedForEncodings = 0;
			knownRegions = (
				en,
				Base,
			);
			mainGroup = 787140A41F294ED0009A3C2F;
			productRefGroup = 787140AE1F294ED0009A3C2F /* Products */;
			projectDirPath = "";
			projectRoot = "";
			targets = (
				787140AC1F294ED0009A3C2F /* DreamMachine */,
			);
		};
/* End PBXProject section */

/* Begin PBXResourcesBuildPhase section */
		787140AB1F294ED0009A3C2F /* Resources */ = {
			isa = PBXResourcesBuildPhase;
			buildActionMask = 2147483647;
			files = (
				787140BE1F294ED1009A3C2F /* LaunchScreen.storyboard in Resources */,
				787140BB1F294ED1009A3C2F /* Assets.xcassets in Resources */,
				787140B61F294ED1009A3C2F /* Main.storyboard in Resources */,
			);
			runOnlyForDeploymentPostprocessing = 0;
		};
/* End PBXResourcesBuildPhase section */

/* Begin PBXSourcesBuildPhase section */
		787140A91F294ED0009A3C2F /* Sources */ = {
			isa = PBXSourcesBuildPhase;
			buildActionMask = 2147483647;
			files = (
				787140B91F294ED1009A3C2F /* DreamMachine.xcdatamodeld in Sources */,
				787140B31F294ED1009A3C2F /* ViewController.swift in Sources */,
				787140B11F294ED1009A3C2F /* AppDelegate.swift in Sources */,
			);
			runOnlyForDeploymentPostprocessing = 0;
		};
/* End PBXSourcesBuildPhase section */

/* Begin PBXVariantGroup section */
		787140B41F294ED1009A3C2F /* Main.storyboard */ = {
			isa = PBXVariantGroup;
			children = (
				787140B51F294ED1009A3C2F /* Base */,
			);
			name = Main.storyboard;
			sourceTree = "<group>";
		};
		787140BC1F294ED1009A3C2F /* LaunchScreen.storyboard */ = {
			isa = PBXVariantGroup;
			children = (
				787140BD1F294ED1009A3C2F /* Base */,
			);
			name = LaunchScreen.storyboard;
			sourceTree = "<group>";
		};
/* End PBXVariantGroup section */

/* Begin XCBuildConfiguration section */
		787140C01F294ED1009A3C2F /* Debug */ = {
			isa = XCBuildConfiguration;
			buildSettings = {
				ALWAYS_SEARCH_USER_PATHS = NO;
				CLANG_ANALYZER_NONNULL = YES;
				CLANG_ANALYZER_NUMBER_OBJECT_CONVERSION = YES_AGGRESSIVE;
				CLANG_CXX_LANGUAGE_STANDARD = "gnu++14";
				CLANG_CXX_LIBRARY = "libc++";
				CLANG_ENABLE_MODULES = YES;
				CLANG_ENABLE_OBJC_ARC = YES;
				CLANG_WARN_BLOCK_CAPTURE_AUTORELEASING = YES;
				CLANG_WARN_BOOL_CONVERSION = YES;
				CLANG_WARN_COMMA = YES;
				CLANG_WARN_CONSTANT_CONVERSION = YES;
				CLANG_WARN_DIRECT_OBJC_ISA_USAGE = YES_ERROR;
				CLANG_WARN_DOCUMENTATION_COMMENTS = YES;
				CLANG_WARN_EMPTY_BODY = YES;
				CLANG_WARN_ENUM_CONVERSION = YES;
				CLANG_WARN_INFINITE_RECURSION = YES;
				CLANG_WARN_INT_CONVERSION = YES;
				CLANG_WARN_NON_LITERAL_NULL_CONVERSION = YES;
				CLANG_WARN_OBJC_LITERAL_CONVERSION = YES;
				CLANG_WARN_OBJC_ROOT_CLASS = YES_ERROR;
				CLANG_WARN_RANGE_LOOP_ANALYSIS = YES;
				CLANG_WARN_STRICT_PROTOTYPES = YES;
				CLANG_WARN_SUSPICIOUS_MOVE = YES;
				CLANG_WARN_UNGUARDED_AVAILABILITY = YES_AGGRESSIVE;
				CLANG_WARN_UNREACHABLE_CODE = YES;
				CLANG_WARN__DUPLICATE_METHOD_MATCH = YES;
				CODE_SIGN_IDENTITY = "iPhone Developer";
				COPY_PHASE_STRIP = NO;
				DEBUG_INFORMATION_FORMAT = dwarf;
				ENABLE_STRICT_OBJC_MSGSEND = YES;
				ENABLE_TESTABILITY = YES;
				GCC_C_LANGUAGE_STANDARD = gnu11;
				GCC_DYNAMIC_NO_PIC = NO;
				GCC_NO_COMMON_BLOCKS = YES;
				GCC_OPTIMIZATION_LEVEL = 0;
				GCC_PREPROCESSOR_DEFINITIONS = (
					"DEBUG=1",
					"$(inherited)",
				);
				GCC_WARN_64_TO_32_BIT_CONVERSION = YES;
				GCC_WARN_ABOUT_RETURN_TYPE = YES_ERROR;
				GCC_WARN_UNDECLARED_SELECTOR = YES;
				GCC_WARN_UNINITIALIZED_AUTOS = YES_AGGRESSIVE;
				GCC_WARN_UNUSED_FUNCTION = YES;
				GCC_WARN_UNUSED_VARIABLE = YES;
				IPHONEOS_DEPLOYMENT_TARGET = 11.0;
				MTL_ENABLE_DEBUG_INFO = YES;
				ONLY_ACTIVE_ARCH = YES;
				SDKROOT = iphoneos;
				SWIFT_ACTIVE_COMPILATION_CONDITIONS = DEBUG;
				SWIFT_OPTIMIZATION_LEVEL = "-Onone";
			};
			name = Debug;
		};
		787140C11F294ED1009A3C2F /* Release */ = {
			isa = XCBuildConfiguration;
			buildSettings = {
				ALWAYS_SEARCH_USER_PATHS = NO;
				CLANG_ANALYZER_NONNULL = YES;
				CLANG_ANALYZER_NUMBER_OBJECT_CONVERSION = YES_AGGRESSIVE;
				CLANG_CXX_LANGUAGE_STANDARD = "gnu++14";
				CLANG_CXX_LIBRARY = "libc++";
				CLANG_ENABLE_MODULES = YES;
				CLANG_ENABLE_OBJC_ARC = YES;
				CLANG_WARN_BLOCK_CAPTURE_AUTORELEASING = YES;
				CLANG_WARN_BOOL_CONVERSION = YES;
				CLANG_WARN_COMMA = YES;
				CLANG_WARN_CONSTANT_CONVERSION = YES;
				CLANG_WARN_DIRECT_OBJC_ISA_USAGE = YES_ERROR;
				CLANG_WARN_DOCUMENTATION_COMMENTS = YES;
				CLANG_WARN_EMPTY_BODY = YES;
				CLANG_WARN_ENUM_CONVERSION = YES;
				CLANG_WARN_INFINITE_RECURSION = YES;
				CLANG_WARN_INT_CONVERSION = YES;
				CLANG_WARN_NON_LITERAL_NULL_CONVERSION = YES;
				CLANG_WARN_OBJC_LITERAL_CONVERSION = YES;
				CLANG_WARN_OBJC_ROOT_CLASS = YES_ERROR;
				CLANG_WARN_RANGE_LOOP_ANALYSIS = YES;
				CLANG_WARN_STRICT_PROTOTYPES = YES;
				CLANG_WARN_SUSPICIOUS_MOVE = YES;
				CLANG_WARN_UNGUARDED_AVAILABILITY = YES_AGGRESSIVE;
				CLANG_WARN_UNREACHABLE_CODE = YES;
				CLANG_WARN__DUPLICATE_METHOD_MATCH = YES;
				CODE_SIGN_IDENTITY = "iPhone Developer";
				COPY_PHASE_STRIP = NO;
				DEBUG_INFORMATION_FORMAT = "dwarf-with-dsym";
				ENABLE_NS_ASSERTIONS = NO;
				ENABLE_STRICT_OBJC_MSGSEND = YES;
				GCC_C_LANGUAGE_STANDARD = gnu11;
				GCC_NO_COMMON_BLOCKS = YES;
				GCC_WARN_64_TO_32_BIT_CONVERSION = YES;
				GCC_WARN_ABOUT_RETURN_TYPE = YES_ERROR;
				GCC_WARN_UNDECLARED_SELECTOR = YES;
				GCC_WARN_UNINITIALIZED_AUTOS = YES_AGGRESSIVE;
				GCC_WARN_UNUSED_FUNCTION = YES;
				GCC_WARN_UNUSED_VARIABLE = YES;
				IPHONEOS_DEPLOYMENT_TARGET = 11.0;
				MTL_ENABLE_DEBUG_INFO = NO;
				SDKROOT = iphoneos;
				SWIFT_OPTIMIZATION_LEVEL = "-Owholemodule";
				VALIDATE_PRODUCT = YES;
			};
			name = Release;
		};
		787140C31F294ED1009A3C2F /* Debug */ = {
			isa = XCBuildConfiguration;
			buildSettings = {
				ASSETCATALOG_COMPILER_APPICON_NAME = AppIcon;
				DEVELOPMENT_TEAM = ZSCD3BWGW9;
				INFOPLIST_FILE = DreamMachine/Info.plist;
				LD_RUNPATH_SEARCH_PATHS = "$(inherited) @executable_path/Frameworks";
				PRODUCT_BUNDLE_IDENTIFIER = AS.DreamMachine;
				PRODUCT_NAME = "$(TARGET_NAME)";
				SWIFT_VERSION = 4.0;
				TARGETED_DEVICE_FAMILY = "1,2";
			};
			name = Debug;
		};
		787140C41F294ED1009A3C2F /* Release */ = {
			isa = XCBuildConfiguration;
			buildSettings = {
				ASSETCATALOG_COMPILER_APPICON_NAME = AppIcon;
				DEVELOPMENT_TEAM = ZSCD3BWGW9;
				INFOPLIST_FILE = DreamMachine/Info.plist;
				LD_RUNPATH_SEARCH_PATHS = "$(inherited) @executable_path/Frameworks";
				PRODUCT_BUNDLE_IDENTIFIER = AS.DreamMachine;
				PRODUCT_NAME = "$(TARGET_NAME)";
				SWIFT_VERSION = 4.0;
				TARGETED_DEVICE_FAMILY = "1,2";
			};
			name = Release;
		};
/* End XCBuildConfiguration section */

/* Begin XCConfigurationList section */
		787140A81F294ED0009A3C2F /* Build configuration list for PBXProject "DreamMachine" */ = {
			isa = XCConfigurationList;
			buildConfigurations = (
				787140C01F294ED1009A3C2F /* Debug */,
				787140C11F294ED1009A3C2F /* Release */,
			);
			defaultConfigurationIsVisible = 0;
			defaultConfigurationName = Release;
		};
		787140C21F294ED1009A3C2F /* Build configuration list for PBXNativeTarget "DreamMachine" */ = {
			isa = XCConfigurationList;
			buildConfigurations = (
				787140C31F294ED1009A3C2F /* Debug */,
				787140C41F294ED1009A3C2F /* Release */,
			);
			defaultConfigurationIsVisible = 0;
		};
/* End XCConfigurationList section */

/* Begin XCVersionGroup section */
		787140B71F294ED1009A3C2F /* DreamMachine.xcdatamodeld */ = {
			isa = XCVersionGroup;
			children = (
				787140B81F294ED1009A3C2F /* DreamMachine.xcdatamodel */,
			);
			currentVersion = 787140B81F294ED1009A3C2F /* DreamMachine.xcdatamodel */;
			path = DreamMachine.xcdatamodeld;
			sourceTree = "<group>";
			versionGroupType = wrapper.xcdatamodel;
		};
/* End XCVersionGroup section */
	};
	rootObject = 787140A51F294ED0009A3C2F /* Project object */;
}
